lockfileVersion: '9.0'

settings:
  autoInstallPeers: true
  excludeLinksFromLockfile: false

importers:

  .:
    dependencies:
      '@types/opentype.js':
        specifier: ^1.3.8
        version: 1.3.8
      opentype.js:
        specifier: ^1.3.4
        version: 1.3.4
      xss:
        specifier: ^1.0.15
        version: 1.0.15
    devDependencies:
      typescript:
        specifier: ^5.8.3
        version: 5.8.3

packages:

  '@types/opentype.js@1.3.8':
    resolution: {integrity: sha512-H6qeTp03jrknklSn4bpT1/9+1xCAEIU2CnjcWPkicJy8A1SKuthanbvoHYMiv79/2W3Xn1XE4gfSJFzt2U3JSw==}

  commander@2.20.3:
    resolution: {integrity: sha512-GpVkmM8vF2vQUkj2LvZmD35JxeJOLCwJ9cUkugyk2nuhbv3+mJvpLYYt+0+USMxE+oj+ey/lJEnhZw75x/OMcQ==}

  cssfilter@0.0.10:
    resolution: {integrity: sha512-FAaLDaplstoRsDR8XGYH51znUN0UY7nMc6Z9/fvE8EXGwvJE9hu7W2vHwx1+bd6gCYnln9nLbzxFTrcO9YQDZw==}

  opentype.js@1.3.4:
    resolution: {integrity: sha512-d2JE9RP/6uagpQAVtJoF0pJJA/fgai89Cc50Yp0EJHk+eLp6QQ7gBoblsnubRULNY132I0J1QKMJ+JTbMqz4sw==}
    engines: {node: '>= 8.0.0'}
    hasBin: true

  string.prototype.codepointat@0.2.1:
    resolution: {integrity: sha512-2cBVCj6I4IOvEnjgO/hWqXjqBGsY+zwPmHl12Srk9IXSZ56Jwwmy+66XO5Iut/oQVR7t5ihYdLB0GMa4alEUcg==}

  tiny-inflate@1.0.3:
    resolution: {integrity: sha512-pkY1fj1cKHb2seWDy0B16HeWyczlJA9/WW3u3c4z/NiWDsO3DOU5D7nhTLE9CF0yXv/QZFY7sEJmj24dK+Rrqw==}

  typescript@5.8.3:
    resolution: {integrity: sha512-p1diW6TqL9L07nNxvRMM7hMMw4c5XOo/1ibL4aAIGmSAt9slTE1Xgw5KWuof2uTOvCg9BY7ZRi+GaF+7sfgPeQ==}
    engines: {node: '>=14.17'}
    hasBin: true

  xss@1.0.15:
    resolution: {integrity: sha512-FVdlVVC67WOIPvfOwhoMETV72f6GbW7aOabBC3WxN/oUdoEMDyLz4OgRv5/gck2ZeNqEQu+Tb0kloovXOfpYVg==}
    engines: {node: '>= 0.10.0'}
    hasBin: true

snapshots:

  '@types/opentype.js@1.3.8': {}

  commander@2.20.3: {}

  cssfilter@0.0.10: {}

  opentype.js@1.3.4:
    dependencies:
      string.prototype.codepointat: 0.2.1
      tiny-inflate: 1.0.3

  string.prototype.codepointat@0.2.1: {}

  tiny-inflate@1.0.3: {}

  typescript@5.8.3: {}

  xss@1.0.15:
    dependencies:
      commander: 2.20.3
      cssfilter: 0.0.10
